
Microsoft Visual Studio Solution File, Format Version 12.00
# Visual Studio Version 16
VisualStudioVersion = 16.0.31729.503
MinimumVisualStudioVersion = 10.0.40219.1
Project("{FAE04EC0-301F-11D3-BF4B-00C04F79EFBC}") = "MiPrimerProyecto", "MiPrimerProyecto.csproj", "{AF3F0C6E-C7A2-4C19-B791-C027E4FF74E2}"
EndProject
Project("{FAE04EC0-301F-11D3-BF4B-00C04F79EFBC}") = "TipoDeVariablesNumericas", "..\TipoDeVariablesNumericas\TipoDeVariablesNumericas.csproj", "{A7867E77-6A6F-4294-BDFB-33FB8BE68238}"
EndProject
Project("{FAE04EC0-301F-11D3-BF4B-00C04F79EFBC}") = "TipoDeVariableTexto", "..\TipoDeVariableTexto\TipoDeVariableTexto.csproj", "{96AD751B-CC59-41C1-9BDF-7C75926E1422}"
EndProject
Project("{FAE04EC0-301F-11D3-BF4B-00C04F79EFBC}") = "VariablesBooleanas", "..\VariablesBooleanas\VariablesBooleanas.csproj", "{5B572715-3725-4A20-B02A-F6BCAA483FE6}"
EndProject
Project("{FAE04EC0-301F-11D3-BF4B-00C04F79EFBC}") = "OperacionesConVariablesNumericas", "..\OperacionesConVariablesNumericas\OperacionesConVariablesNumericas.csproj", "{65316DF0-74CE-4060-A3DC-5792018C7D13}"
EndProject
Project("{FAE04EC0-301F-11D3-BF4B-00C04F79EFBC}") = "OperacionesConTexto", "..\OperacionesConTexto\OperacionesConTexto.csproj", "{B19D108B-C952-492B-B53D-05FBF622D3CB}"
EndProject
Project("{FAE04EC0-301F-11D3-BF4B-00C04F79EFBC}") = "OperacionesDeRelaciones", "..\OperacionesDeRelaciones\OperacionesDeRelaciones.csproj", "{14714EDB-411B-4BD2-B79A-4C9CDD83D4B1}"
EndProject
Global
	GlobalSection(SolutionConfigurationPlatforms) = preSolution
		Debug|Any CPU = Debug|Any CPU
		Release|Any CPU = Release|Any CPU
	EndGlobalSection
	GlobalSection(ProjectConfigurationPlatforms) = postSolution
		{AF3F0C6E-C7A2-4C19-B791-C027E4FF74E2}.Debug|Any CPU.ActiveCfg = Debug|Any CPU
		{AF3F0C6E-C7A2-4C19-B791-C027E4FF74E2}.Debug|Any CPU.Build.0 = Debug|Any CPU
		{AF3F0C6E-C7A2-4C19-B791-C027E4FF74E2}.Release|Any CPU.ActiveCfg = Release|Any CPU
		{AF3F0C6E-C7A2-4C19-B791-C027E4FF74E2}.Release|Any CPU.Build.0 = Release|Any CPU
		{A7867E77-6A6F-4294-BDFB-33FB8BE68238}.Debug|Any CPU.ActiveCfg = Debug|Any CPU
		{A7867E77-6A6F-4294-BDFB-33FB8BE68238}.Debug|Any CPU.Build.0 = Debug|Any CPU
		{A7867E77-6A6F-4294-BDFB-33FB8BE68238}.Release|Any CPU.ActiveCfg = Release|Any CPU
		{A7867E77-6A6F-4294-BDFB-33FB8BE68238}.Release|Any CPU.Build.0 = Release|Any CPU
		{96AD751B-CC59-41C1-9BDF-7C75926E1422}.Debug|Any CPU.ActiveCfg = Debug|Any CPU
		{96AD751B-CC59-41C1-9BDF-7C75926E1422}.Debug|Any CPU.Build.0 = Debug|Any CPU
		{96AD751B-CC59-41C1-9BDF-7C75926E1422}.Release|Any CPU.ActiveCfg = Release|Any CPU
		{96AD751B-CC59-41C1-9BDF-7C75926E1422}.Release|Any CPU.Build.0 = Release|Any CPU
		{5B572715-3725-4A20-B02A-F6BCAA483FE6}.Debug|Any CPU.ActiveCfg = Debug|Any CPU
		{5B572715-3725-4A20-B02A-F6BCAA483FE6}.Debug|Any CPU.Build.0 = Debug|Any CPU
		{5B572715-3725-4A20-B02A-F6BCAA483FE6}.Release|Any CPU.ActiveCfg = Release|Any CPU
		{5B572715-3725-4A20-B02A-F6BCAA483FE6}.Release|Any CPU.Build.0 = Release|Any CPU
		{65316DF0-74CE-4060-A3DC-5792018C7D13}.Debug|Any CPU.ActiveCfg = Debug|Any CPU
		{65316DF0-74CE-4060-A3DC-5792018C7D13}.Debug|Any CPU.Build.0 = Debug|Any CPU
		{65316DF0-74CE-4060-A3DC-5792018C7D13}.Release|Any CPU.ActiveCfg = Release|Any CPU
		{65316DF0-74CE-4060-A3DC-5792018C7D13}.Release|Any CPU.Build.0 = Release|Any CPU
		{B19D108B-C952-492B-B53D-05FBF622D3CB}.Debug|Any CPU.ActiveCfg = Debug|Any CPU
		{B19D108B-C952-492B-B53D-05FBF622D3CB}.Debug|Any CPU.Build.0 = Debug|Any CPU
		{B19D108B-C952-492B-B53D-05FBF622D3CB}.Release|Any CPU.ActiveCfg = Release|Any CPU
		{B19D108B-C952-492B-B53D-05FBF622D3CB}.Release|Any CPU.Build.0 = Release|Any CPU
		{14714EDB-411B-4BD2-B79A-4C9CDD83D4B1}.Debug|Any CPU.ActiveCfg = Debug|Any CPU
		{14714EDB-411B-4BD2-B79A-4C9CDD83D4B1}.Debug|Any CPU.Build.0 = Debug|Any CPU
		{14714EDB-411B-4BD2-B79A-4C9CDD83D4B1}.Release|Any CPU.ActiveCfg = Release|Any CPU
		{14714EDB-411B-4BD2-B79A-4C9CDD83D4B1}.Release|Any CPU.Build.0 = Release|Any CPU
	EndGlobalSection
	GlobalSection(SolutionProperties) = preSolution
		HideSolutionNode = FALSE
	EndGlobalSection
	GlobalSection(ExtensibilityGlobals) = postSolution
		SolutionGuid = {709B3ACB-F058-4DA6-9718-85EEF19A3E0A}
	EndGlobalSection
EndGlobal
